
Microsoft Visual Studio Solution File, Format Version 12.00
# Visual Studio 15
VisualStudioVersion = 15.0.26124.0
MinimumVisualStudioVersion = 15.0.26124.0
Project("{2150E333-8FDC-42A3-9474-1A3956D46DE8}") = "src", "src", "{2A35F3E7-12D1-4F74-8867-F5882FB47009}"
EndProject
Project("{FAE04EC0-301F-11D3-BF4B-00C04F79EFBC}") = "Covid19Api", "src\Covid19Api\Covid19Api.csproj", "{1A670B81-08F0-4F15-81AF-4DDD12E765D6}"
EndProject
Project("{FAE04EC0-301F-11D3-BF4B-00C04F79EFBC}") = "Covid19Api.Services", "src\Covid19Api.Services\Covid19Api.Services.csproj", "{349A3CF6-36CD-44F6-A431-B33E3CEF5460}"
EndProject
Project("{FAE04EC0-301F-11D3-BF4B-00C04F79EFBC}") = "Covid19Api.Repositories", "src\Covid19Api.Repositories\Covid19Api.Repositories.csproj", "{1610F8A1-B985-4402-9938-141E01B81009}"
EndProject
Project("{FAE04EC0-301F-11D3-BF4B-00C04F79EFBC}") = "Covid19Api.Domain", "src\Covid19Api.Domain\Covid19Api.Domain.csproj", "{8CBC96FF-567D-456A-AE27-0BA4CE43A4B4}"
EndProject
Project("{2150E333-8FDC-42A3-9474-1A3956D46DE8}") = "misc", "misc", "{74A4D6BD-D911-40B5-8997-0BC559C31210}"
ProjectSection(SolutionItems) = preProject
	deploy-app.sh = deploy-app.sh
	LICENSE = LICENSE
	publish-docker.sh = publish-docker.sh
	README.md = README.md
	.travis.yml = .travis.yml
	.gitignore = .gitignore
	global.json = global.json
	docker-compose.yml = docker-compose.yml
	Directory.Build.props = Directory.Build.props
EndProjectSection
EndProject
Project("{FAE04EC0-301F-11D3-BF4B-00C04F79EFBC}") = "Covid19Api.IoC", "src\Covid19Api.IoC\Covid19Api.IoC.csproj", "{783AD7D5-5C4D-4A63-86DE-543B972F3F46}"
EndProject
Project("{FAE04EC0-301F-11D3-BF4B-00C04F79EFBC}") = "Covid19Api.Controllers", "src\Covid19Api.Controllers\Covid19Api.Controllers.csproj", "{2CC85269-031F-400F-9DDC-F725FA3DC7B4}"
EndProject
Project("{FAE04EC0-301F-11D3-BF4B-00C04F79EFBC}") = "Covid19Api.Worker", "src\Covid19Api.Worker\Covid19Api.Worker.csproj", "{5A0671F8-3B23-48D4-AEEB-602DB24DC62B}"
EndProject
Project("{FAE04EC0-301F-11D3-BF4B-00C04F79EFBC}") = "Covid19Api.UseCases", "src\Covid19Api.UseCases\Covid19Api.UseCases.csproj", "{1246FF7B-6CAD-40E1-84EF-6402F449AB75}"
EndProject
Project("{FAE04EC0-301F-11D3-BF4B-00C04F79EFBC}") = "Covid19Api.UseCases.Abstractions", "src\Covid19Api.UseCases.Abstractions\Covid19Api.UseCases.Abstractions.csproj", "{A5860048-9AA0-485F-8320-5F0C1375EF11}"
EndProject
Project("{FAE04EC0-301F-11D3-BF4B-00C04F79EFBC}") = "Covid19Api.Mongo", "src\Covid19Api.Mongo\Covid19Api.Mongo.csproj", "{A459A30A-70C7-4802-BCBF-2539AED69B89}"
EndProject
Project("{FAE04EC0-301F-11D3-BF4B-00C04F79EFBC}") = "Covid19Api.Presentation", "src\Covid19Api.Presentation\Covid19Api.Presentation.csproj", "{B993CE0F-2B3E-49F0-BAA8-EA3B4DDDFFD3}"
EndProject
Project("{FAE04EC0-301F-11D3-BF4B-00C04F79EFBC}") = "Covid19Api.Constants", "src\Covid19Api.Constants\Covid19Api.Constants.csproj", "{9871D956-E804-4A18-AF61-154C03E0BE87}"
EndProject
Project("{FAE04EC0-301F-11D3-BF4B-00C04F79EFBC}") = "Covid19Api.Services.Abstractions", "src\Covid19Api.Services.Abstractions\Covid19Api.Services.Abstractions.csproj", "{BB980D99-014F-415A-B727-CCBAAD3B2AA2}"
EndProject
Project("{FAE04EC0-301F-11D3-BF4B-00C04F79EFBC}") = "Covid19Api.Repositories.Abstractions", "src\Covid19Api.Repositories.Abstractions\Covid19Api.Repositories.Abstractions.csproj", "{3FAF620F-B417-43EF-8540-B0DDBA932DC8}"
EndProject
Project("{FAE04EC0-301F-11D3-BF4B-00C04F79EFBC}") = "Covid19Api.Mongo.Scaffolder", "src\Covid19Api.Mongo.Scaffolder\Covid19Api.Mongo.Scaffolder.csproj", "{CC6C9309-C452-4C12-9783-35B5298781AF}"
EndProject
Global
	GlobalSection(SolutionConfigurationPlatforms) = preSolution
		Debug|Any CPU = Debug|Any CPU
		Debug|x64 = Debug|x64
		Debug|x86 = Debug|x86
		Release|Any CPU = Release|Any CPU
		Release|x64 = Release|x64
		Release|x86 = Release|x86
	EndGlobalSection
	GlobalSection(SolutionProperties) = preSolution
		HideSolutionNode = FALSE
	EndGlobalSection
	GlobalSection(ProjectConfigurationPlatforms) = postSolution
		{1A670B81-08F0-4F15-81AF-4DDD12E765D6}.Debug|Any CPU.ActiveCfg = Debug|Any CPU
		{1A670B81-08F0-4F15-81AF-4DDD12E765D6}.Debug|Any CPU.Build.0 = Debug|Any CPU
		{1A670B81-08F0-4F15-81AF-4DDD12E765D6}.Debug|x64.ActiveCfg = Debug|Any CPU
		{1A670B81-08F0-4F15-81AF-4DDD12E765D6}.Debug|x64.Build.0 = Debug|Any CPU
		{1A670B81-08F0-4F15-81AF-4DDD12E765D6}.Debug|x86.ActiveCfg = Debug|Any CPU
		{1A670B81-08F0-4F15-81AF-4DDD12E765D6}.Debug|x86.Build.0 = Debug|Any CPU
		{1A670B81-08F0-4F15-81AF-4DDD12E765D6}.Release|Any CPU.ActiveCfg = Release|Any CPU
		{1A670B81-08F0-4F15-81AF-4DDD12E765D6}.Release|Any CPU.Build.0 = Release|Any CPU
		{1A670B81-08F0-4F15-81AF-4DDD12E765D6}.Release|x64.ActiveCfg = Release|Any CPU
		{1A670B81-08F0-4F15-81AF-4DDD12E765D6}.Release|x64.Build.0 = Release|Any CPU
		{1A670B81-08F0-4F15-81AF-4DDD12E765D6}.Release|x86.ActiveCfg = Release|Any CPU
		{1A670B81-08F0-4F15-81AF-4DDD12E765D6}.Release|x86.Build.0 = Release|Any CPU
		{349A3CF6-36CD-44F6-A431-B33E3CEF5460}.Debug|Any CPU.ActiveCfg = Debug|Any CPU
		{349A3CF6-36CD-44F6-A431-B33E3CEF5460}.Debug|Any CPU.Build.0 = Debug|Any CPU
		{349A3CF6-36CD-44F6-A431-B33E3CEF5460}.Debug|x64.ActiveCfg = Debug|Any CPU
		{349A3CF6-36CD-44F6-A431-B33E3CEF5460}.Debug|x64.Build.0 = Debug|Any CPU
		{349A3CF6-36CD-44F6-A431-B33E3CEF5460}.Debug|x86.ActiveCfg = Debug|Any CPU
		{349A3CF6-36CD-44F6-A431-B33E3CEF5460}.Debug|x86.Build.0 = Debug|Any CPU
		{349A3CF6-36CD-44F6-A431-B33E3CEF5460}.Release|Any CPU.ActiveCfg = Release|Any CPU
		{349A3CF6-36CD-44F6-A431-B33E3CEF5460}.Release|Any CPU.Build.0 = Release|Any CPU
		{349A3CF6-36CD-44F6-A431-B33E3CEF5460}.Release|x64.ActiveCfg = Release|Any CPU
		{349A3CF6-36CD-44F6-A431-B33E3CEF5460}.Release|x64.Build.0 = Release|Any CPU
		{349A3CF6-36CD-44F6-A431-B33E3CEF5460}.Release|x86.ActiveCfg = Release|Any CPU
		{349A3CF6-36CD-44F6-A431-B33E3CEF5460}.Release|x86.Build.0 = Release|Any CPU
		{1610F8A1-B985-4402-9938-141E01B81009}.Debug|Any CPU.ActiveCfg = Debug|Any CPU
		{1610F8A1-B985-4402-9938-141E01B81009}.Debug|Any CPU.Build.0 = Debug|Any CPU
		{1610F8A1-B985-4402-9938-141E01B81009}.Debug|x64.ActiveCfg = Debug|Any CPU
		{1610F8A1-B985-4402-9938-141E01B81009}.Debug|x64.Build.0 = Debug|Any CPU
		{1610F8A1-B985-4402-9938-141E01B81009}.Debug|x86.ActiveCfg = Debug|Any CPU
		{1610F8A1-B985-4402-9938-141E01B81009}.Debug|x86.Build.0 = Debug|Any CPU
		{1610F8A1-B985-4402-9938-141E01B81009}.Release|Any CPU.ActiveCfg = Release|Any CPU
		{1610F8A1-B985-4402-9938-141E01B81009}.Release|Any CPU.Build.0 = Release|Any CPU
		{1610F8A1-B985-4402-9938-141E01B81009}.Release|x64.ActiveCfg = Release|Any CPU
		{1610F8A1-B985-4402-9938-141E01B81009}.Release|x64.Build.0 = Release|Any CPU
		{1610F8A1-B985-4402-9938-141E01B81009}.Release|x86.ActiveCfg = Release|Any CPU
		{1610F8A1-B985-4402-9938-141E01B81009}.Release|x86.Build.0 = Release|Any CPU
		{8CBC96FF-567D-456A-AE27-0BA4CE43A4B4}.Debug|Any CPU.ActiveCfg = Debug|Any CPU
		{8CBC96FF-567D-456A-AE27-0BA4CE43A4B4}.Debug|Any CPU.Build.0 = Debug|Any CPU
		{8CBC96FF-567D-456A-AE27-0BA4CE43A4B4}.Debug|x64.ActiveCfg = Debug|Any CPU
		{8CBC96FF-567D-456A-AE27-0BA4CE43A4B4}.Debug|x64.Build.0 = Debug|Any CPU
		{8CBC96FF-567D-456A-AE27-0BA4CE43A4B4}.Debug|x86.ActiveCfg = Debug|Any CPU
		{8CBC96FF-567D-456A-AE27-0BA4CE43A4B4}.Debug|x86.Build.0 = Debug|Any CPU
		{8CBC96FF-567D-456A-AE27-0BA4CE43A4B4}.Release|Any CPU.ActiveCfg = Release|Any CPU
		{8CBC96FF-567D-456A-AE27-0BA4CE43A4B4}.Release|Any CPU.Build.0 = Release|Any CPU
		{8CBC96FF-567D-456A-AE27-0BA4CE43A4B4}.Release|x64.ActiveCfg = Release|Any CPU
		{8CBC96FF-567D-456A-AE27-0BA4CE43A4B4}.Release|x64.Build.0 = Release|Any CPU
		{8CBC96FF-567D-456A-AE27-0BA4CE43A4B4}.Release|x86.ActiveCfg = Release|Any CPU
		{8CBC96FF-567D-456A-AE27-0BA4CE43A4B4}.Release|x86.Build.0 = Release|Any CPU
		{783AD7D5-5C4D-4A63-86DE-543B972F3F46}.Debug|Any CPU.ActiveCfg = Debug|Any CPU
		{783AD7D5-5C4D-4A63-86DE-543B972F3F46}.Debug|Any CPU.Build.0 = Debug|Any CPU
		{783AD7D5-5C4D-4A63-86DE-543B972F3F46}.Debug|x64.ActiveCfg = Debug|Any CPU
		{783AD7D5-5C4D-4A63-86DE-543B972F3F46}.Debug|x64.Build.0 = Debug|Any CPU
		{783AD7D5-5C4D-4A63-86DE-543B972F3F46}.Debug|x86.ActiveCfg = Debug|Any CPU
		{783AD7D5-5C4D-4A63-86DE-543B972F3F46}.Debug|x86.Build.0 = Debug|Any CPU
		{783AD7D5-5C4D-4A63-86DE-543B972F3F46}.Release|Any CPU.ActiveCfg = Release|Any CPU
		{783AD7D5-5C4D-4A63-86DE-543B972F3F46}.Release|Any CPU.Build.0 = Release|Any CPU
		{783AD7D5-5C4D-4A63-86DE-543B972F3F46}.Release|x64.ActiveCfg = Release|Any CPU
		{783AD7D5-5C4D-4A63-86DE-543B972F3F46}.Release|x64.Build.0 = Release|Any CPU
		{783AD7D5-5C4D-4A63-86DE-543B972F3F46}.Release|x86.ActiveCfg = Release|Any CPU
		{783AD7D5-5C4D-4A63-86DE-543B972F3F46}.Release|x86.Build.0 = Release|Any CPU
		{2CC85269-031F-400F-9DDC-F725FA3DC7B4}.Debug|Any CPU.ActiveCfg = Debug|Any CPU
		{2CC85269-031F-400F-9DDC-F725FA3DC7B4}.Debug|Any CPU.Build.0 = Debug|Any CPU
		{2CC85269-031F-400F-9DDC-F725FA3DC7B4}.Debug|x64.ActiveCfg = Debug|Any CPU
		{2CC85269-031F-400F-9DDC-F725FA3DC7B4}.Debug|x64.Build.0 = Debug|Any CPU
		{2CC85269-031F-400F-9DDC-F725FA3DC7B4}.Debug|x86.ActiveCfg = Debug|Any CPU
		{2CC85269-031F-400F-9DDC-F725FA3DC7B4}.Debug|x86.Build.0 = Debug|Any CPU
		{2CC85269-031F-400F-9DDC-F725FA3DC7B4}.Release|Any CPU.ActiveCfg = Release|Any CPU
		{2CC85269-031F-400F-9DDC-F725FA3DC7B4}.Release|Any CPU.Build.0 = Release|Any CPU
		{2CC85269-031F-400F-9DDC-F725FA3DC7B4}.Release|x64.ActiveCfg = Release|Any CPU
		{2CC85269-031F-400F-9DDC-F725FA3DC7B4}.Release|x64.Build.0 = Release|Any CPU
		{2CC85269-031F-400F-9DDC-F725FA3DC7B4}.Release|x86.ActiveCfg = Release|Any CPU
		{2CC85269-031F-400F-9DDC-F725FA3DC7B4}.Release|x86.Build.0 = Release|Any CPU
		{5A0671F8-3B23-48D4-AEEB-602DB24DC62B}.Debug|Any CPU.ActiveCfg = Debug|Any CPU
		{5A0671F8-3B23-48D4-AEEB-602DB24DC62B}.Debug|Any CPU.Build.0 = Debug|Any CPU
		{5A0671F8-3B23-48D4-AEEB-602DB24DC62B}.Debug|x64.ActiveCfg = Debug|Any CPU
		{5A0671F8-3B23-48D4-AEEB-602DB24DC62B}.Debug|x64.Build.0 = Debug|Any CPU
		{5A0671F8-3B23-48D4-AEEB-602DB24DC62B}.Debug|x86.ActiveCfg = Debug|Any CPU
		{5A0671F8-3B23-48D4-AEEB-602DB24DC62B}.Debug|x86.Build.0 = Debug|Any CPU
		{5A0671F8-3B23-48D4-AEEB-602DB24DC62B}.Release|Any CPU.ActiveCfg = Release|Any CPU
		{5A0671F8-3B23-48D4-AEEB-602DB24DC62B}.Release|Any CPU.Build.0 = Release|Any CPU
		{5A0671F8-3B23-48D4-AEEB-602DB24DC62B}.Release|x64.ActiveCfg = Release|Any CPU
		{5A0671F8-3B23-48D4-AEEB-602DB24DC62B}.Release|x64.Build.0 = Release|Any CPU
		{5A0671F8-3B23-48D4-AEEB-602DB24DC62B}.Release|x86.ActiveCfg = Release|Any CPU
		{5A0671F8-3B23-48D4-AEEB-602DB24DC62B}.Release|x86.Build.0 = Release|Any CPU
		{1246FF7B-6CAD-40E1-84EF-6402F449AB75}.Debug|Any CPU.ActiveCfg = Debug|Any CPU
		{1246FF7B-6CAD-40E1-84EF-6402F449AB75}.Debug|Any CPU.Build.0 = Debug|Any CPU
		{1246FF7B-6CAD-40E1-84EF-6402F449AB75}.Debug|x64.ActiveCfg = Debug|Any CPU
		{1246FF7B-6CAD-40E1-84EF-6402F449AB75}.Debug|x64.Build.0 = Debug|Any CPU
		{1246FF7B-6CAD-40E1-84EF-6402F449AB75}.Debug|x86.ActiveCfg = Debug|Any CPU
		{1246FF7B-6CAD-40E1-84EF-6402F449AB75}.Debug|x86.Build.0 = Debug|Any CPU
		{1246FF7B-6CAD-40E1-84EF-6402F449AB75}.Release|Any CPU.ActiveCfg = Release|Any CPU
		{1246FF7B-6CAD-40E1-84EF-6402F449AB75}.Release|Any CPU.Build.0 = Release|Any CPU
		{1246FF7B-6CAD-40E1-84EF-6402F449AB75}.Release|x64.ActiveCfg = Release|Any CPU
		{1246FF7B-6CAD-40E1-84EF-6402F449AB75}.Release|x64.Build.0 = Release|Any CPU
		{1246FF7B-6CAD-40E1-84EF-6402F449AB75}.Release|x86.ActiveCfg = Release|Any CPU
		{1246FF7B-6CAD-40E1-84EF-6402F449AB75}.Release|x86.Build.0 = Release|Any CPU
		{A5860048-9AA0-485F-8320-5F0C1375EF11}.Debug|Any CPU.ActiveCfg = Debug|Any CPU
		{A5860048-9AA0-485F-8320-5F0C1375EF11}.Debug|Any CPU.Build.0 = Debug|Any CPU
		{A5860048-9AA0-485F-8320-5F0C1375EF11}.Debug|x64.ActiveCfg = Debug|Any CPU
		{A5860048-9AA0-485F-8320-5F0C1375EF11}.Debug|x64.Build.0 = Debug|Any CPU
		{A5860048-9AA0-485F-8320-5F0C1375EF11}.Debug|x86.ActiveCfg = Debug|Any CPU
		{A5860048-9AA0-485F-8320-5F0C1375EF11}.Debug|x86.Build.0 = Debug|Any CPU
		{A5860048-9AA0-485F-8320-5F0C1375EF11}.Release|Any CPU.ActiveCfg = Release|Any CPU
		{A5860048-9AA0-485F-8320-5F0C1375EF11}.Release|Any CPU.Build.0 = Release|Any CPU
		{A5860048-9AA0-485F-8320-5F0C1375EF11}.Release|x64.ActiveCfg = Release|Any CPU
		{A5860048-9AA0-485F-8320-5F0C1375EF11}.Release|x64.Build.0 = Release|Any CPU
		{A5860048-9AA0-485F-8320-5F0C1375EF11}.Release|x86.ActiveCfg = Release|Any CPU
		{A5860048-9AA0-485F-8320-5F0C1375EF11}.Release|x86.Build.0 = Release|Any CPU
		{A459A30A-70C7-4802-BCBF-2539AED69B89}.Debug|Any CPU.ActiveCfg = Debug|Any CPU
		{A459A30A-70C7-4802-BCBF-2539AED69B89}.Debug|Any CPU.Build.0 = Debug|Any CPU
		{A459A30A-70C7-4802-BCBF-2539AED69B89}.Debug|x64.ActiveCfg = Debug|Any CPU
		{A459A30A-70C7-4802-BCBF-2539AED69B89}.Debug|x64.Build.0 = Debug|Any CPU
		{A459A30A-70C7-4802-BCBF-2539AED69B89}.Debug|x86.ActiveCfg = Debug|Any CPU
		{A459A30A-70C7-4802-BCBF-2539AED69B89}.Debug|x86.Build.0 = Debug|Any CPU
		{A459A30A-70C7-4802-BCBF-2539AED69B89}.Release|Any CPU.ActiveCfg = Release|Any CPU
		{A459A30A-70C7-4802-BCBF-2539AED69B89}.Release|Any CPU.Build.0 = Release|Any CPU
		{A459A30A-70C7-4802-BCBF-2539AED69B89}.Release|x64.ActiveCfg = Release|Any CPU
		{A459A30A-70C7-4802-BCBF-2539AED69B89}.Release|x64.Build.0 = Release|Any CPU
		{A459A30A-70C7-4802-BCBF-2539AED69B89}.Release|x86.ActiveCfg = Release|Any CPU
		{A459A30A-70C7-4802-BCBF-2539AED69B89}.Release|x86.Build.0 = Release|Any CPU
		{B993CE0F-2B3E-49F0-BAA8-EA3B4DDDFFD3}.Debug|Any CPU.ActiveCfg = Debug|Any CPU
		{B993CE0F-2B3E-49F0-BAA8-EA3B4DDDFFD3}.Debug|Any CPU.Build.0 = Debug|Any CPU
		{B993CE0F-2B3E-49F0-BAA8-EA3B4DDDFFD3}.Debug|x64.ActiveCfg = Debug|Any CPU
		{B993CE0F-2B3E-49F0-BAA8-EA3B4DDDFFD3}.Debug|x64.Build.0 = Debug|Any CPU
		{B993CE0F-2B3E-49F0-BAA8-EA3B4DDDFFD3}.Debug|x86.ActiveCfg = Debug|Any CPU
		{B993CE0F-2B3E-49F0-BAA8-EA3B4DDDFFD3}.Debug|x86.Build.0 = Debug|Any CPU
		{B993CE0F-2B3E-49F0-BAA8-EA3B4DDDFFD3}.Release|Any CPU.ActiveCfg = Release|Any CPU
		{B993CE0F-2B3E-49F0-BAA8-EA3B4DDDFFD3}.Release|Any CPU.Build.0 = Release|Any CPU
		{B993CE0F-2B3E-49F0-BAA8-EA3B4DDDFFD3}.Release|x64.ActiveCfg = Release|Any CPU
		{B993CE0F-2B3E-49F0-BAA8-EA3B4DDDFFD3}.Release|x64.Build.0 = Release|Any CPU
		{B993CE0F-2B3E-49F0-BAA8-EA3B4DDDFFD3}.Release|x86.ActiveCfg = Release|Any CPU
		{B993CE0F-2B3E-49F0-BAA8-EA3B4DDDFFD3}.Release|x86.Build.0 = Release|Any CPU
		{9871D956-E804-4A18-AF61-154C03E0BE87}.Debug|Any CPU.ActiveCfg = Debug|Any CPU
		{9871D956-E804-4A18-AF61-154C03E0BE87}.Debug|Any CPU.Build.0 = Debug|Any CPU
		{9871D956-E804-4A18-AF61-154C03E0BE87}.Debug|x64.ActiveCfg = Debug|Any CPU
		{9871D956-E804-4A18-AF61-154C03E0BE87}.Debug|x64.Build.0 = Debug|Any CPU
		{9871D956-E804-4A18-AF61-154C03E0BE87}.Debug|x86.ActiveCfg = Debug|Any CPU
		{9871D956-E804-4A18-AF61-154C03E0BE87}.Debug|x86.Build.0 = Debug|Any CPU
		{9871D956-E804-4A18-AF61-154C03E0BE87}.Release|Any CPU.ActiveCfg = Release|Any CPU
		{9871D956-E804-4A18-AF61-154C03E0BE87}.Release|Any CPU.Build.0 = Release|Any CPU
		{9871D956-E804-4A18-AF61-154C03E0BE87}.Release|x64.ActiveCfg = Release|Any CPU
		{9871D956-E804-4A18-AF61-154C03E0BE87}.Release|x64.Build.0 = Release|Any CPU
		{9871D956-E804-4A18-AF61-154C03E0BE87}.Release|x86.ActiveCfg = Release|Any CPU
		{9871D956-E804-4A18-AF61-154C03E0BE87}.Release|x86.Build.0 = Release|Any CPU
		{BB980D99-014F-415A-B727-CCBAAD3B2AA2}.Debug|Any CPU.ActiveCfg = Debug|Any CPU
		{BB980D99-014F-415A-B727-CCBAAD3B2AA2}.Debug|Any CPU.Build.0 = Debug|Any CPU
		{BB980D99-014F-415A-B727-CCBAAD3B2AA2}.Debug|x64.ActiveCfg = Debug|Any CPU
		{BB980D99-014F-415A-B727-CCBAAD3B2AA2}.Debug|x64.Build.0 = Debug|Any CPU
		{BB980D99-014F-415A-B727-CCBAAD3B2AA2}.Debug|x86.ActiveCfg = Debug|Any CPU
		{BB980D99-014F-415A-B727-CCBAAD3B2AA2}.Debug|x86.Build.0 = Debug|Any CPU
		{BB980D99-014F-415A-B727-CCBAAD3B2AA2}.Release|Any CPU.ActiveCfg = Release|Any CPU
		{BB980D99-014F-415A-B727-CCBAAD3B2AA2}.Release|Any CPU.Build.0 = Release|Any CPU
		{BB980D99-014F-415A-B727-CCBAAD3B2AA2}.Release|x64.ActiveCfg = Release|Any CPU
		{BB980D99-014F-415A-B727-CCBAAD3B2AA2}.Release|x64.Build.0 = Release|Any CPU
		{BB980D99-014F-415A-B727-CCBAAD3B2AA2}.Release|x86.ActiveCfg = Release|Any CPU
		{BB980D99-014F-415A-B727-CCBAAD3B2AA2}.Release|x86.Build.0 = Release|Any CPU
		{3FAF620F-B417-43EF-8540-B0DDBA932DC8}.Debug|Any CPU.ActiveCfg = Debug|Any CPU
		{3FAF620F-B417-43EF-8540-B0DDBA932DC8}.Debug|Any CPU.Build.0 = Debug|Any CPU
		{3FAF620F-B417-43EF-8540-B0DDBA932DC8}.Debug|x64.ActiveCfg = Debug|Any CPU
		{3FAF620F-B417-43EF-8540-B0DDBA932DC8}.Debug|x64.Build.0 = Debug|Any CPU
		{3FAF620F-B417-43EF-8540-B0DDBA932DC8}.Debug|x86.ActiveCfg = Debug|Any CPU
		{3FAF620F-B417-43EF-8540-B0DDBA932DC8}.Debug|x86.Build.0 = Debug|Any CPU
		{3FAF620F-B417-43EF-8540-B0DDBA932DC8}.Release|Any CPU.ActiveCfg = Release|Any CPU
		{3FAF620F-B417-43EF-8540-B0DDBA932DC8}.Release|Any CPU.Build.0 = Release|Any CPU
		{3FAF620F-B417-43EF-8540-B0DDBA932DC8}.Release|x64.ActiveCfg = Release|Any CPU
		{3FAF620F-B417-43EF-8540-B0DDBA932DC8}.Release|x64.Build.0 = Release|Any CPU
		{3FAF620F-B417-43EF-8540-B0DDBA932DC8}.Release|x86.ActiveCfg = Release|Any CPU
		{3FAF620F-B417-43EF-8540-B0DDBA932DC8}.Release|x86.Build.0 = Release|Any CPU
		{CC6C9309-C452-4C12-9783-35B5298781AF}.Debug|Any CPU.ActiveCfg = Debug|Any CPU
		{CC6C9309-C452-4C12-9783-35B5298781AF}.Debug|Any CPU.Build.0 = Debug|Any CPU
		{CC6C9309-C452-4C12-9783-35B5298781AF}.Debug|x64.ActiveCfg = Debug|Any CPU
		{CC6C9309-C452-4C12-9783-35B5298781AF}.Debug|x64.Build.0 = Debug|Any CPU
		{CC6C9309-C452-4C12-9783-35B5298781AF}.Debug|x86.ActiveCfg = Debug|Any CPU
		{CC6C9309-C452-4C12-9783-35B5298781AF}.Debug|x86.Build.0 = Debug|Any CPU
		{CC6C9309-C452-4C12-9783-35B5298781AF}.Release|Any CPU.ActiveCfg = Release|Any CPU
		{CC6C9309-C452-4C12-9783-35B5298781AF}.Release|Any CPU.Build.0 = Release|Any CPU
		{CC6C9309-C452-4C12-9783-35B5298781AF}.Release|x64.ActiveCfg = Release|Any CPU
		{CC6C9309-C452-4C12-9783-35B5298781AF}.Release|x64.Build.0 = Release|Any CPU
		{CC6C9309-C452-4C12-9783-35B5298781AF}.Release|x86.ActiveCfg = Release|Any CPU
		{CC6C9309-C452-4C12-9783-35B5298781AF}.Release|x86.Build.0 = Release|Any CPU
	EndGlobalSection
	GlobalSection(NestedProjects) = preSolution
		{1A670B81-08F0-4F15-81AF-4DDD12E765D6} = {2A35F3E7-12D1-4F74-8867-F5882FB47009}
		{349A3CF6-36CD-44F6-A431-B33E3CEF5460} = {2A35F3E7-12D1-4F74-8867-F5882FB47009}
		{1610F8A1-B985-4402-9938-141E01B81009} = {2A35F3E7-12D1-4F74-8867-F5882FB47009}
		{8CBC96FF-567D-456A-AE27-0BA4CE43A4B4} = {2A35F3E7-12D1-4F74-8867-F5882FB47009}
		{783AD7D5-5C4D-4A63-86DE-543B972F3F46} = {2A35F3E7-12D1-4F74-8867-F5882FB47009}
		{2CC85269-031F-400F-9DDC-F725FA3DC7B4} = {2A35F3E7-12D1-4F74-8867-F5882FB47009}
		{5A0671F8-3B23-48D4-AEEB-602DB24DC62B} = {2A35F3E7-12D1-4F74-8867-F5882FB47009}
		{1246FF7B-6CAD-40E1-84EF-6402F449AB75} = {2A35F3E7-12D1-4F74-8867-F5882FB47009}
		{A5860048-9AA0-485F-8320-5F0C1375EF11} = {2A35F3E7-12D1-4F74-8867-F5882FB47009}
		{A459A30A-70C7-4802-BCBF-2539AED69B89} = {2A35F3E7-12D1-4F74-8867-F5882FB47009}
		{B993CE0F-2B3E-49F0-BAA8-EA3B4DDDFFD3} = {2A35F3E7-12D1-4F74-8867-F5882FB47009}
		{9871D956-E804-4A18-AF61-154C03E0BE87} = {2A35F3E7-12D1-4F74-8867-F5882FB47009}
		{BB980D99-014F-415A-B727-CCBAAD3B2AA2} = {2A35F3E7-12D1-4F74-8867-F5882FB47009}
		{3FAF620F-B417-43EF-8540-B0DDBA932DC8} = {2A35F3E7-12D1-4F74-8867-F5882FB47009}
		{CC6C9309-C452-4C12-9783-35B5298781AF} = {2A35F3E7-12D1-4F74-8867-F5882FB47009}
	EndGlobalSection
EndGlobal
